// !$*UTF8*$!
{
	archiveVersion = 1;
	classes = {
	};
	objectVersion = 56;
	objects = {

/* Begin PBXBuildFile section */
		170B638E2AC5476800ACAE26 /* WebViewViewControllerSpy.swift in Sources */ = {isa = PBXBuildFile; fileRef = 170B638D2AC5476800ACAE26 /* WebViewViewControllerSpy.swift */; };
		170B63962AC5629000ACAE26 /* PhotoGrammyUITests.swift in Sources */ = {isa = PBXBuildFile; fileRef = 170B63952AC5629000ACAE26 /* PhotoGrammyUITests.swift */; };
		170B63982AC5629000ACAE26 /* PhotoGrammyUITestsLaunchTests.swift in Sources */ = {isa = PBXBuildFile; fileRef = 170B63972AC5629000ACAE26 /* PhotoGrammyUITestsLaunchTests.swift */; };
		173617582A693D2F00A3223E /* UIBlockingProgressHUD.swift in Sources */ = {isa = PBXBuildFile; fileRef = 173617572A693D2F00A3223E /* UIBlockingProgressHUD.swift */; };
		173B78E52A2CE35C005C83C9 /* ImagesListCell.swift in Sources */ = {isa = PBXBuildFile; fileRef = 173B78E42A2CE35C005C83C9 /* ImagesListCell.swift */; };
		174192D32AA484B500869C79 /* Notification+Extensions.swift in Sources */ = {isa = PBXBuildFile; fileRef = 174192D22AA484B500869C79 /* Notification+Extensions.swift */; };
		174192D52AA4878000869C79 /* ImagesListCellModel.swift in Sources */ = {isa = PBXBuildFile; fileRef = 174192D42AA4878000869C79 /* ImagesListCellModel.swift */; };
		174E89212A80F3A000EE2498 /* PhotoResult.swift in Sources */ = {isa = PBXBuildFile; fileRef = 174E89202A80F3A000EE2498 /* PhotoResult.swift */; };
		1753B1E52A35D95C00C389F4 /* ProfileViewController.swift in Sources */ = {isa = PBXBuildFile; fileRef = 1753B1E42A35D95C00C389F4 /* ProfileViewController.swift */; };
		1753B1E72A3DEB2500C389F4 /* SingleImageViewController.swift in Sources */ = {isa = PBXBuildFile; fileRef = 1753B1E62A3DEB2500C389F4 /* SingleImageViewController.swift */; };
		1768749E2A90D7D30084D727 /* LikeResult.swift in Sources */ = {isa = PBXBuildFile; fileRef = 1768749D2A90D7D30084D727 /* LikeResult.swift */; };
		176874A02A90F7A50084D727 /* Array+Extensions.swift in Sources */ = {isa = PBXBuildFile; fileRef = 1768749F2A90F7A50084D727 /* Array+Extensions.swift */; };
		1791951C2A77A34B00EF9EEC /* Alert.swift in Sources */ = {isa = PBXBuildFile; fileRef = 1791951B2A77A34B00EF9EEC /* Alert.swift */; };
		1791951F2A7819A300EF9EEC /* Kingfisher in Frameworks */ = {isa = PBXBuildFile; productRef = 1791951E2A7819A300EF9EEC /* Kingfisher */; };
		1797B9872ABC4CC100B1A97A /* WebViewPresenter.swift in Sources */ = {isa = PBXBuildFile; fileRef = 1797B9862ABC4CC100B1A97A /* WebViewPresenter.swift */; };
		1797B98B2AC3489F00B1A97A /* AuthHelper.swift in Sources */ = {isa = PBXBuildFile; fileRef = 1797B98A2AC3489F00B1A97A /* AuthHelper.swift */; };
		1797B9A02AC34E7B00B1A97A /* WebViewTests.swift in Sources */ = {isa = PBXBuildFile; fileRef = 1797B99F2AC34E7B00B1A97A /* WebViewTests.swift */; };
		1797B9A82AC350A100B1A97A /* WebViewPresenterSpy.swift in Sources */ = {isa = PBXBuildFile; fileRef = 1797B9A72AC350A100B1A97A /* WebViewPresenterSpy.swift */; };
		179CCFBF2A56FE59002372CD /* AuthViewController.swift in Sources */ = {isa = PBXBuildFile; fileRef = 179CCFBE2A56FE59002372CD /* AuthViewController.swift */; };
		179CCFC12A5706F0002372CD /* WebViewViewController.swift in Sources */ = {isa = PBXBuildFile; fileRef = 179CCFC02A5706F0002372CD /* WebViewViewController.swift */; };
		17A1D8332A74FA09007164A5 /* URLSession+Extensions.swift in Sources */ = {isa = PBXBuildFile; fileRef = 17A1D8322A74FA09007164A5 /* URLSession+Extensions.swift */; };
		17A1D8352A74FA23007164A5 /* URLRequest+Extensions.swift in Sources */ = {isa = PBXBuildFile; fileRef = 17A1D8342A74FA23007164A5 /* URLRequest+Extensions.swift */; };
		17A1D8372A74FA5C007164A5 /* JSONDecoder+Extensions.swift in Sources */ = {isa = PBXBuildFile; fileRef = 17A1D8362A74FA5C007164A5 /* JSONDecoder+Extensions.swift */; };
		17A1D8392A74FF97007164A5 /* ProfileService.swift in Sources */ = {isa = PBXBuildFile; fileRef = 17A1D8382A74FF97007164A5 /* ProfileService.swift */; };
		17A1D83B2A74FFFA007164A5 /* Profile.swift in Sources */ = {isa = PBXBuildFile; fileRef = 17A1D83A2A74FFFA007164A5 /* Profile.swift */; };
		17A1D83D2A750011007164A5 /* ProfileResult.swift in Sources */ = {isa = PBXBuildFile; fileRef = 17A1D83C2A750011007164A5 /* ProfileResult.swift */; };
		17A1D83F2A750FA9007164A5 /* ProfileImageService.swift in Sources */ = {isa = PBXBuildFile; fileRef = 17A1D83E2A750FA9007164A5 /* ProfileImageService.swift */; };
		17A1D8412A75106B007164A5 /* UserResult.swift in Sources */ = {isa = PBXBuildFile; fileRef = 17A1D8402A75106B007164A5 /* UserResult.swift */; };
		17BDC8F82A278C6700B1FAC8 /* AppDelegate.swift in Sources */ = {isa = PBXBuildFile; fileRef = 17BDC8F72A278C6700B1FAC8 /* AppDelegate.swift */; };
		17BDC8FA2A278C6700B1FAC8 /* SceneDelegate.swift in Sources */ = {isa = PBXBuildFile; fileRef = 17BDC8F92A278C6700B1FAC8 /* SceneDelegate.swift */; };
		17BDC8FC2A278C6700B1FAC8 /* ImagesListViewController.swift in Sources */ = {isa = PBXBuildFile; fileRef = 17BDC8FB2A278C6700B1FAC8 /* ImagesListViewController.swift */; };
		17BDC8FF2A278C6700B1FAC8 /* Main.storyboard in Resources */ = {isa = PBXBuildFile; fileRef = 17BDC8FD2A278C6700B1FAC8 /* Main.storyboard */; };
		17BDC9012A278C6800B1FAC8 /* Assets.xcassets in Resources */ = {isa = PBXBuildFile; fileRef = 17BDC9002A278C6800B1FAC8 /* Assets.xcassets */; };
		17BDC9042A278C6800B1FAC8 /* LaunchScreen.storyboard in Resources */ = {isa = PBXBuildFile; fileRef = 17BDC9022A278C6800B1FAC8 /* LaunchScreen.storyboard */; };
		17E250FB2A5FFD56006736B1 /* OAuthTokenResponseBody.swift in Sources */ = {isa = PBXBuildFile; fileRef = 17E250FA2A5FFD56006736B1 /* OAuthTokenResponseBody.swift */; };
		17E250FD2A5FFE06006736B1 /* OAuth2Service.swift in Sources */ = {isa = PBXBuildFile; fileRef = 17E250FC2A5FFE06006736B1 /* OAuth2Service.swift */; };
		17E250FF2A5FFFA3006736B1 /* OAuth2TokenStorage.swift in Sources */ = {isa = PBXBuildFile; fileRef = 17E250FE2A5FFFA3006736B1 /* OAuth2TokenStorage.swift */; };
		17E251022A651597006736B1 /* SplashScreenViewController.swift in Sources */ = {isa = PBXBuildFile; fileRef = 17E251012A651597006736B1 /* SplashScreenViewController.swift */; };
		17E251052A66B440006736B1 /* ProgressHUD in Frameworks */ = {isa = PBXBuildFile; productRef = 17E251042A66B440006736B1 /* ProgressHUD */; };
		17E251072A66B6BD006736B1 /* AuthConfiguration.swift in Sources */ = {isa = PBXBuildFile; fileRef = 17E251062A66B6BD006736B1 /* AuthConfiguration.swift */; };
		17EAD7DC2A7A406F00A3AC09 /* SwiftKeychainWrapper in Frameworks */ = {isa = PBXBuildFile; productRef = 17EAD7DB2A7A406F00A3AC09 /* SwiftKeychainWrapper */; };
		17EAD7E22A7A4F1600A3AC09 /* TabBarController.swift in Sources */ = {isa = PBXBuildFile; fileRef = 17EAD7E12A7A4F1600A3AC09 /* TabBarController.swift */; };
		17EAD7E42A7CE9E500A3AC09 /* ImagesListService.swift in Sources */ = {isa = PBXBuildFile; fileRef = 17EAD7E32A7CE9E500A3AC09 /* ImagesListService.swift */; };
		17EAD7E62A7D1A3800A3AC09 /* Photo.swift in Sources */ = {isa = PBXBuildFile; fileRef = 17EAD7E52A7D1A3800A3AC09 /* Photo.swift */; };
/* End PBXBuildFile section */

/* Begin PBXContainerItemProxy section */
		170B63992AC5629000ACAE26 /* PBXContainerItemProxy */ = {
			isa = PBXContainerItemProxy;
			containerPortal = 17BDC8EC2A278C6600B1FAC8 /* Project object */;
			proxyType = 1;
			remoteGlobalIDString = 17BDC8F32A278C6700B1FAC8;
			remoteInfo = PhotoGrammy;
		};
		1797B9A12AC34E7B00B1A97A /* PBXContainerItemProxy */ = {
			isa = PBXContainerItemProxy;
			containerPortal = 17BDC8EC2A278C6600B1FAC8 /* Project object */;
			proxyType = 1;
			remoteGlobalIDString = 17BDC8F32A278C6700B1FAC8;
			remoteInfo = PhotoGrammy;
		};
/* End PBXContainerItemProxy section */

/* Begin PBXFileReference section */
		170B638D2AC5476800ACAE26 /* WebViewViewControllerSpy.swift */ = {isa = PBXFileReference; lastKnownFileType = sourcecode.swift; path = WebViewViewControllerSpy.swift; sourceTree = "<group>"; };
		170B63932AC5629000ACAE26 /* PhotoGrammyUITests.xctest */ = {isa = PBXFileReference; explicitFileType = wrapper.cfbundle; includeInIndex = 0; path = PhotoGrammyUITests.xctest; sourceTree = BUILT_PRODUCTS_DIR; };
		170B63952AC5629000ACAE26 /* PhotoGrammyUITests.swift */ = {isa = PBXFileReference; lastKnownFileType = sourcecode.swift; path = PhotoGrammyUITests.swift; sourceTree = "<group>"; };
		170B63972AC5629000ACAE26 /* PhotoGrammyUITestsLaunchTests.swift */ = {isa = PBXFileReference; lastKnownFileType = sourcecode.swift; path = PhotoGrammyUITestsLaunchTests.swift; sourceTree = "<group>"; };
		173617572A693D2F00A3223E /* UIBlockingProgressHUD.swift */ = {isa = PBXFileReference; lastKnownFileType = sourcecode.swift; path = UIBlockingProgressHUD.swift; sourceTree = "<group>"; };
		173B78E42A2CE35C005C83C9 /* ImagesListCell.swift */ = {isa = PBXFileReference; lastKnownFileType = sourcecode.swift; path = ImagesListCell.swift; sourceTree = "<group>"; };
		174192D22AA484B500869C79 /* Notification+Extensions.swift */ = {isa = PBXFileReference; lastKnownFileType = sourcecode.swift; path = "Notification+Extensions.swift"; sourceTree = "<group>"; };
		174192D42AA4878000869C79 /* ImagesListCellModel.swift */ = {isa = PBXFileReference; lastKnownFileType = sourcecode.swift; path = ImagesListCellModel.swift; sourceTree = "<group>"; };
		174E89202A80F3A000EE2498 /* PhotoResult.swift */ = {isa = PBXFileReference; lastKnownFileType = sourcecode.swift; path = PhotoResult.swift; sourceTree = "<group>"; };
		1753B1E42A35D95C00C389F4 /* ProfileViewController.swift */ = {isa = PBXFileReference; lastKnownFileType = sourcecode.swift; path = ProfileViewController.swift; sourceTree = "<group>"; };
		1753B1E62A3DEB2500C389F4 /* SingleImageViewController.swift */ = {isa = PBXFileReference; lastKnownFileType = sourcecode.swift; path = SingleImageViewController.swift; sourceTree = "<group>"; };
		1768749D2A90D7D30084D727 /* LikeResult.swift */ = {isa = PBXFileReference; lastKnownFileType = sourcecode.swift; path = LikeResult.swift; sourceTree = "<group>"; };
		1768749F2A90F7A50084D727 /* Array+Extensions.swift */ = {isa = PBXFileReference; lastKnownFileType = sourcecode.swift; path = "Array+Extensions.swift"; sourceTree = "<group>"; };
		1791951B2A77A34B00EF9EEC /* Alert.swift */ = {isa = PBXFileReference; lastKnownFileType = sourcecode.swift; path = Alert.swift; sourceTree = "<group>"; };
		1797B9862ABC4CC100B1A97A /* WebViewPresenter.swift */ = {isa = PBXFileReference; lastKnownFileType = sourcecode.swift; path = WebViewPresenter.swift; sourceTree = "<group>"; };
		1797B98A2AC3489F00B1A97A /* AuthHelper.swift */ = {isa = PBXFileReference; lastKnownFileType = sourcecode.swift; path = AuthHelper.swift; sourceTree = "<group>"; };
		1797B99D2AC34E7A00B1A97A /* Photo GrammyTests.xctest */ = {isa = PBXFileReference; explicitFileType = wrapper.cfbundle; includeInIndex = 0; path = "Photo GrammyTests.xctest"; sourceTree = BUILT_PRODUCTS_DIR; };
		1797B99F2AC34E7B00B1A97A /* WebViewTests.swift */ = {isa = PBXFileReference; lastKnownFileType = sourcecode.swift; path = WebViewTests.swift; sourceTree = "<group>"; };
		1797B9A72AC350A100B1A97A /* WebViewPresenterSpy.swift */ = {isa = PBXFileReference; lastKnownFileType = sourcecode.swift; path = WebViewPresenterSpy.swift; sourceTree = "<group>"; };
		179CCFBE2A56FE59002372CD /* AuthViewController.swift */ = {isa = PBXFileReference; lastKnownFileType = sourcecode.swift; path = AuthViewController.swift; sourceTree = "<group>"; };
		179CCFC02A5706F0002372CD /* WebViewViewController.swift */ = {isa = PBXFileReference; lastKnownFileType = sourcecode.swift; path = WebViewViewController.swift; sourceTree = "<group>"; };
		17A1D8322A74FA09007164A5 /* URLSession+Extensions.swift */ = {isa = PBXFileReference; lastKnownFileType = sourcecode.swift; path = "URLSession+Extensions.swift"; sourceTree = "<group>"; };
		17A1D8342A74FA23007164A5 /* URLRequest+Extensions.swift */ = {isa = PBXFileReference; lastKnownFileType = sourcecode.swift; path = "URLRequest+Extensions.swift"; sourceTree = "<group>"; };
		17A1D8362A74FA5C007164A5 /* JSONDecoder+Extensions.swift */ = {isa = PBXFileReference; lastKnownFileType = sourcecode.swift; path = "JSONDecoder+Extensions.swift"; sourceTree = "<group>"; };
		17A1D8382A74FF97007164A5 /* ProfileService.swift */ = {isa = PBXFileReference; lastKnownFileType = sourcecode.swift; path = ProfileService.swift; sourceTree = "<group>"; };
		17A1D83A2A74FFFA007164A5 /* Profile.swift */ = {isa = PBXFileReference; lastKnownFileType = sourcecode.swift; path = Profile.swift; sourceTree = "<group>"; };
		17A1D83C2A750011007164A5 /* ProfileResult.swift */ = {isa = PBXFileReference; lastKnownFileType = sourcecode.swift; path = ProfileResult.swift; sourceTree = "<group>"; };
		17A1D83E2A750FA9007164A5 /* ProfileImageService.swift */ = {isa = PBXFileReference; lastKnownFileType = sourcecode.swift; path = ProfileImageService.swift; sourceTree = "<group>"; };
		17A1D8402A75106B007164A5 /* UserResult.swift */ = {isa = PBXFileReference; lastKnownFileType = sourcecode.swift; path = UserResult.swift; sourceTree = "<group>"; };
		17BDC8F42A278C6700B1FAC8 /* PhotoGrammy.app */ = {isa = PBXFileReference; explicitFileType = wrapper.application; includeInIndex = 0; path = PhotoGrammy.app; sourceTree = BUILT_PRODUCTS_DIR; };
		17BDC8F72A278C6700B1FAC8 /* AppDelegate.swift */ = {isa = PBXFileReference; lastKnownFileType = sourcecode.swift; path = AppDelegate.swift; sourceTree = "<group>"; };
		17BDC8F92A278C6700B1FAC8 /* SceneDelegate.swift */ = {isa = PBXFileReference; lastKnownFileType = sourcecode.swift; path = SceneDelegate.swift; sourceTree = "<group>"; };
		17BDC8FB2A278C6700B1FAC8 /* ImagesListViewController.swift */ = {isa = PBXFileReference; lastKnownFileType = sourcecode.swift; path = ImagesListViewController.swift; sourceTree = "<group>"; };
		17BDC8FE2A278C6700B1FAC8 /* Base */ = {isa = PBXFileReference; lastKnownFileType = file.storyboard; name = Base; path = Base.lproj/Main.storyboard; sourceTree = "<group>"; };
		17BDC9002A278C6800B1FAC8 /* Assets.xcassets */ = {isa = PBXFileReference; lastKnownFileType = folder.assetcatalog; path = Assets.xcassets; sourceTree = "<group>"; };
		17BDC9032A278C6800B1FAC8 /* Base */ = {isa = PBXFileReference; lastKnownFileType = file.storyboard; name = Base; path = Base.lproj/LaunchScreen.storyboard; sourceTree = "<group>"; };
		17BDC9052A278C6800B1FAC8 /* Info.plist */ = {isa = PBXFileReference; lastKnownFileType = text.plist.xml; path = Info.plist; sourceTree = "<group>"; };
		17E250FA2A5FFD56006736B1 /* OAuthTokenResponseBody.swift */ = {isa = PBXFileReference; lastKnownFileType = sourcecode.swift; path = OAuthTokenResponseBody.swift; sourceTree = "<group>"; };
		17E250FC2A5FFE06006736B1 /* OAuth2Service.swift */ = {isa = PBXFileReference; lastKnownFileType = sourcecode.swift; path = OAuth2Service.swift; sourceTree = "<group>"; };
		17E250FE2A5FFFA3006736B1 /* OAuth2TokenStorage.swift */ = {isa = PBXFileReference; lastKnownFileType = sourcecode.swift; path = OAuth2TokenStorage.swift; sourceTree = "<group>"; };
		17E251012A651597006736B1 /* SplashScreenViewController.swift */ = {isa = PBXFileReference; lastKnownFileType = sourcecode.swift; path = SplashScreenViewController.swift; sourceTree = "<group>"; };
		17E251062A66B6BD006736B1 /* AuthConfiguration.swift */ = {isa = PBXFileReference; lastKnownFileType = sourcecode.swift; path = AuthConfiguration.swift; sourceTree = "<group>"; };
		17EAD7E12A7A4F1600A3AC09 /* TabBarController.swift */ = {isa = PBXFileReference; lastKnownFileType = sourcecode.swift; path = TabBarController.swift; sourceTree = "<group>"; };
		17EAD7E32A7CE9E500A3AC09 /* ImagesListService.swift */ = {isa = PBXFileReference; lastKnownFileType = sourcecode.swift; path = ImagesListService.swift; sourceTree = "<group>"; };
		17EAD7E52A7D1A3800A3AC09 /* Photo.swift */ = {isa = PBXFileReference; lastKnownFileType = sourcecode.swift; path = Photo.swift; sourceTree = "<group>"; };
/* End PBXFileReference section */

/* Begin PBXFrameworksBuildPhase section */
		170B63902AC5629000ACAE26 /* Frameworks */ = {
			isa = PBXFrameworksBuildPhase;
			buildActionMask = 2147483647;
			files = (
			);
			runOnlyForDeploymentPostprocessing = 0;
		};
		1797B99A2AC34E7A00B1A97A /* Frameworks */ = {
			isa = PBXFrameworksBuildPhase;
			buildActionMask = 2147483647;
			files = (
			);
			runOnlyForDeploymentPostprocessing = 0;
		};
		17BDC8F12A278C6700B1FAC8 /* Frameworks */ = {
			isa = PBXFrameworksBuildPhase;
			buildActionMask = 2147483647;
			files = (
				1791951F2A7819A300EF9EEC /* Kingfisher in Frameworks */,
				17E251052A66B440006736B1 /* ProgressHUD in Frameworks */,
				17EAD7DC2A7A406F00A3AC09 /* SwiftKeychainWrapper in Frameworks */,
			);
			runOnlyForDeploymentPostprocessing = 0;
		};
/* End PBXFrameworksBuildPhase section */

/* Begin PBXGroup section */
		170B63942AC5629000ACAE26 /* PhotoGrammyUITests */ = {
			isa = PBXGroup;
			children = (
				170B63952AC5629000ACAE26 /* PhotoGrammyUITests.swift */,
				170B63972AC5629000ACAE26 /* PhotoGrammyUITestsLaunchTests.swift */,
			);
			path = PhotoGrammyUITests;
			sourceTree = "<group>";
		};
		173617562A693D1000A3223E /* Services */ = {
			isa = PBXGroup;
			children = (
				17A1D8422A7519D5007164A5 /* Extensions */,
				17E250F92A5FFD39006736B1 /* Models */,
				17E251062A66B6BD006736B1 /* AuthConfiguration.swift */,
				17EAD7E32A7CE9E500A3AC09 /* ImagesListService.swift */,
				17E250FC2A5FFE06006736B1 /* OAuth2Service.swift */,
				17A1D8382A74FF97007164A5 /* ProfileService.swift */,
				17A1D83E2A750FA9007164A5 /* ProfileImageService.swift */,
				173617572A693D2F00A3223E /* UIBlockingProgressHUD.swift */,
			);
			path = Services;
			sourceTree = "<group>";
		};
		173B78E72A2CE3F3005C83C9 /* ImagesList */ = {
			isa = PBXGroup;
			children = (
				173B78E42A2CE35C005C83C9 /* ImagesListCell.swift */,
				17BDC8FB2A278C6700B1FAC8 /* ImagesListViewController.swift */,
			);
			path = ImagesList;
			sourceTree = "<group>";
		};
		1753B1E32A35D6E700C389F4 /* UserProfile */ = {
			isa = PBXGroup;
			children = (
				1753B1E42A35D95C00C389F4 /* ProfileViewController.swift */,
			);
			path = UserProfile;
			sourceTree = "<group>";
		};
		1764DEF82A5096BA0022DC23 /* SingleImage */ = {
			isa = PBXGroup;
			children = (
				1753B1E62A3DEB2500C389F4 /* SingleImageViewController.swift */,
			);
			path = SingleImage;
			sourceTree = "<group>";
		};
		1797B99E2AC34E7B00B1A97A /* Photo GrammyTests */ = {
			isa = PBXGroup;
			children = (
				1797B9A62AC3508500B1A97A /* Helpers */,
				1797B99F2AC34E7B00B1A97A /* WebViewTests.swift */,
			);
			path = "Photo GrammyTests";
			sourceTree = "<group>";
		};
		1797B9A62AC3508500B1A97A /* Helpers */ = {
			isa = PBXGroup;
			children = (
				1797B9A72AC350A100B1A97A /* WebViewPresenterSpy.swift */,
				170B638D2AC5476800ACAE26 /* WebViewViewControllerSpy.swift */,
			);
			path = Helpers;
			sourceTree = "<group>";
		};
		179CCFBD2A56FE3D002372CD /* Auth */ = {
			isa = PBXGroup;
			children = (
				179CCFBE2A56FE59002372CD /* AuthViewController.swift */,
				179CCFC02A5706F0002372CD /* WebViewViewController.swift */,
				1797B9862ABC4CC100B1A97A /* WebViewPresenter.swift */,
				1797B98A2AC3489F00B1A97A /* AuthHelper.swift */,
			);
			path = Auth;
			sourceTree = "<group>";
		};
		17A1D8422A7519D5007164A5 /* Extensions */ = {
			isa = PBXGroup;
			children = (
				17A1D8322A74FA09007164A5 /* URLSession+Extensions.swift */,
				17A1D8342A74FA23007164A5 /* URLRequest+Extensions.swift */,
				17A1D8362A74FA5C007164A5 /* JSONDecoder+Extensions.swift */,
				1768749F2A90F7A50084D727 /* Array+Extensions.swift */,
				174192D22AA484B500869C79 /* Notification+Extensions.swift */,
			);
			path = Extensions;
			sourceTree = "<group>";
		};
		17BDC8EB2A278C6600B1FAC8 = {
			isa = PBXGroup;
			children = (
				17BDC8F62A278C6700B1FAC8 /* PhotoGrammy */,
				1797B99E2AC34E7B00B1A97A /* Photo GrammyTests */,
				170B63942AC5629000ACAE26 /* PhotoGrammyUITests */,
				17BDC8F52A278C6700B1FAC8 /* Products */,
			);
			sourceTree = "<group>";
		};
		17BDC8F52A278C6700B1FAC8 /* Products */ = {
			isa = PBXGroup;
			children = (
				17BDC8F42A278C6700B1FAC8 /* PhotoGrammy.app */,
				1797B99D2AC34E7A00B1A97A /* Photo GrammyTests.xctest */,
				170B63932AC5629000ACAE26 /* PhotoGrammyUITests.xctest */,
			);
			name = Products;
			sourceTree = "<group>";
		};
		17BDC8F62A278C6700B1FAC8 /* PhotoGrammy */ = {
			isa = PBXGroup;
			children = (
				173617562A693D1000A3223E /* Services */,
				17E251002A651552006736B1 /* SplashScreen */,
				179CCFBD2A56FE3D002372CD /* Auth */,
				1764DEF82A5096BA0022DC23 /* SingleImage */,
				1753B1E32A35D6E700C389F4 /* UserProfile */,
				173B78E72A2CE3F3005C83C9 /* ImagesList */,
				17EAD7E02A7A4EC900A3AC09 /* TabBar */,
				17BDC8F72A278C6700B1FAC8 /* AppDelegate.swift */,
				17BDC8F92A278C6700B1FAC8 /* SceneDelegate.swift */,
				17BDC8FD2A278C6700B1FAC8 /* Main.storyboard */,
				17BDC9002A278C6800B1FAC8 /* Assets.xcassets */,
				17BDC9022A278C6800B1FAC8 /* LaunchScreen.storyboard */,
				17BDC9052A278C6800B1FAC8 /* Info.plist */,
			);
			path = PhotoGrammy;
			sourceTree = "<group>";
		};
		17E250F92A5FFD39006736B1 /* Models */ = {
			isa = PBXGroup;
			children = (
				17E250FA2A5FFD56006736B1 /* OAuthTokenResponseBody.swift */,
				17E250FE2A5FFFA3006736B1 /* OAuth2TokenStorage.swift */,
				17A1D83A2A74FFFA007164A5 /* Profile.swift */,
				17A1D83C2A750011007164A5 /* ProfileResult.swift */,
				17A1D8402A75106B007164A5 /* UserResult.swift */,
				1791951B2A77A34B00EF9EEC /* Alert.swift */,
				17EAD7E52A7D1A3800A3AC09 /* Photo.swift */,
				174E89202A80F3A000EE2498 /* PhotoResult.swift */,
				1768749D2A90D7D30084D727 /* LikeResult.swift */,
				174192D42AA4878000869C79 /* ImagesListCellModel.swift */,
			);
			path = Models;
			sourceTree = "<group>";
		};
		17E251002A651552006736B1 /* SplashScreen */ = {
			isa = PBXGroup;
			children = (
				17E251012A651597006736B1 /* SplashScreenViewController.swift */,
			);
			path = SplashScreen;
			sourceTree = "<group>";
		};
		17EAD7E02A7A4EC900A3AC09 /* TabBar */ = {
			isa = PBXGroup;
			children = (
				17EAD7E12A7A4F1600A3AC09 /* TabBarController.swift */,
			);
			path = TabBar;
			sourceTree = "<group>";
		};
/* End PBXGroup section */

/* Begin PBXNativeTarget section */
		170B63922AC5629000ACAE26 /* PhotoGrammyUITests */ = {
			isa = PBXNativeTarget;
			buildConfigurationList = 170B639B2AC5629000ACAE26 /* Build configuration list for PBXNativeTarget "PhotoGrammyUITests" */;
			buildPhases = (
				170B638F2AC5629000ACAE26 /* Sources */,
				170B63902AC5629000ACAE26 /* Frameworks */,
				170B63912AC5629000ACAE26 /* Resources */,
			);
			buildRules = (
			);
			dependencies = (
				170B639A2AC5629000ACAE26 /* PBXTargetDependency */,
			);
			name = PhotoGrammyUITests;
			productName = PhotoGrammyUITests;
			productReference = 170B63932AC5629000ACAE26 /* PhotoGrammyUITests.xctest */;
			productType = "com.apple.product-type.bundle.ui-testing";
		};
		1797B99C2AC34E7A00B1A97A /* Photo GrammyTests */ = {
			isa = PBXNativeTarget;
			buildConfigurationList = 1797B9A32AC34E7B00B1A97A /* Build configuration list for PBXNativeTarget "Photo GrammyTests" */;
			buildPhases = (
				1797B9992AC34E7A00B1A97A /* Sources */,
				1797B99A2AC34E7A00B1A97A /* Frameworks */,
				1797B99B2AC34E7A00B1A97A /* Resources */,
			);
			buildRules = (
			);
			dependencies = (
				1797B9A22AC34E7B00B1A97A /* PBXTargetDependency */,
			);
			name = "Photo GrammyTests";
			productName = "Photo GrammyTests";
			productReference = 1797B99D2AC34E7A00B1A97A /* Photo GrammyTests.xctest */;
			productType = "com.apple.product-type.bundle.unit-test";
		};
		17BDC8F32A278C6700B1FAC8 /* PhotoGrammy */ = {
			isa = PBXNativeTarget;
			buildConfigurationList = 17BDC9082A278C6800B1FAC8 /* Build configuration list for PBXNativeTarget "PhotoGrammy" */;
			buildPhases = (
				17BDC8F02A278C6700B1FAC8 /* Sources */,
				17BDC8F12A278C6700B1FAC8 /* Frameworks */,
				17BDC8F22A278C6700B1FAC8 /* Resources */,
			);
			buildRules = (
			);
			dependencies = (
			);
			name = PhotoGrammy;
			packageProductDependencies = (
				17E251042A66B440006736B1 /* ProgressHUD */,
				1791951E2A7819A300EF9EEC /* Kingfisher */,
				17EAD7DB2A7A406F00A3AC09 /* SwiftKeychainWrapper */,
			);
			productName = PhotoGrammy;
			productReference = 17BDC8F42A278C6700B1FAC8 /* PhotoGrammy.app */;
			productType = "com.apple.product-type.application";
		};
/* End PBXNativeTarget section */

/* Begin PBXProject section */
		17BDC8EC2A278C6600B1FAC8 /* Project object */ = {
			isa = PBXProject;
			attributes = {
				BuildIndependentTargetsInParallel = 1;
				LastSwiftUpdateCheck = 1430;
				LastUpgradeCheck = 1430;
				TargetAttributes = {
					170B63922AC5629000ACAE26 = {
						CreatedOnToolsVersion = 14.3.1;
						TestTargetID = 17BDC8F32A278C6700B1FAC8;
					};
					1797B99C2AC34E7A00B1A97A = {
						CreatedOnToolsVersion = 14.3.1;
						TestTargetID = 17BDC8F32A278C6700B1FAC8;
					};
					17BDC8F32A278C6700B1FAC8 = {
						CreatedOnToolsVersion = 14.3;
					};
				};
			};
			buildConfigurationList = 17BDC8EF2A278C6600B1FAC8 /* Build configuration list for PBXProject "PhotoGrammy" */;
			compatibilityVersion = "Xcode 14.0";
			developmentRegion = en;
			hasScannedForEncodings = 0;
			knownRegions = (
				en,
				Base,
			);
			mainGroup = 17BDC8EB2A278C6600B1FAC8;
			packageReferences = (
				17E251032A66B440006736B1 /* XCRemoteSwiftPackageReference "ProgressHUD" */,
				1791951D2A7819A300EF9EEC /* XCRemoteSwiftPackageReference "Kingfisher" */,
				17EAD7DA2A7A406F00A3AC09 /* XCRemoteSwiftPackageReference "SwiftKeychainWrapper" */,
			);
			productRefGroup = 17BDC8F52A278C6700B1FAC8 /* Products */;
			projectDirPath = "";
			projectRoot = "";
			targets = (
				17BDC8F32A278C6700B1FAC8 /* PhotoGrammy */,
				1797B99C2AC34E7A00B1A97A /* Photo GrammyTests */,
				170B63922AC5629000ACAE26 /* PhotoGrammyUITests */,
			);
		};
/* End PBXProject section */

/* Begin PBXResourcesBuildPhase section */
		170B63912AC5629000ACAE26 /* Resources */ = {
			isa = PBXResourcesBuildPhase;
			buildActionMask = 2147483647;
			files = (
			);
			runOnlyForDeploymentPostprocessing = 0;
		};
		1797B99B2AC34E7A00B1A97A /* Resources */ = {
			isa = PBXResourcesBuildPhase;
			buildActionMask = 2147483647;
			files = (
			);
			runOnlyForDeploymentPostprocessing = 0;
		};
		17BDC8F22A278C6700B1FAC8 /* Resources */ = {
			isa = PBXResourcesBuildPhase;
			buildActionMask = 2147483647;
			files = (
				17BDC9042A278C6800B1FAC8 /* LaunchScreen.storyboard in Resources */,
				17BDC9012A278C6800B1FAC8 /* Assets.xcassets in Resources */,
				17BDC8FF2A278C6700B1FAC8 /* Main.storyboard in Resources */,
			);
			runOnlyForDeploymentPostprocessing = 0;
		};
/* End PBXResourcesBuildPhase section */

/* Begin PBXSourcesBuildPhase section */
		170B638F2AC5629000ACAE26 /* Sources */ = {
			isa = PBXSourcesBuildPhase;
			buildActionMask = 2147483647;
			files = (
				170B63982AC5629000ACAE26 /* PhotoGrammyUITestsLaunchTests.swift in Sources */,
				170B63962AC5629000ACAE26 /* PhotoGrammyUITests.swift in Sources */,
			);
			runOnlyForDeploymentPostprocessing = 0;
		};
		1797B9992AC34E7A00B1A97A /* Sources */ = {
			isa = PBXSourcesBuildPhase;
			buildActionMask = 2147483647;
			files = (
				1797B9A02AC34E7B00B1A97A /* WebViewTests.swift in Sources */,
				170B638E2AC5476800ACAE26 /* WebViewViewControllerSpy.swift in Sources */,
				1797B9A82AC350A100B1A97A /* WebViewPresenterSpy.swift in Sources */,
			);
			runOnlyForDeploymentPostprocessing = 0;
		};
		17BDC8F02A278C6700B1FAC8 /* Sources */ = {
			isa = PBXSourcesBuildPhase;
			buildActionMask = 2147483647;
			files = (
				174192D32AA484B500869C79 /* Notification+Extensions.swift in Sources */,
				17EAD7E42A7CE9E500A3AC09 /* ImagesListService.swift in Sources */,
				1797B9872ABC4CC100B1A97A /* WebViewPresenter.swift in Sources */,
				17BDC8FC2A278C6700B1FAC8 /* ImagesListViewController.swift in Sources */,
				176874A02A90F7A50084D727 /* Array+Extensions.swift in Sources */,
				17E251022A651597006736B1 /* SplashScreenViewController.swift in Sources */,
				17E250FD2A5FFE06006736B1 /* OAuth2Service.swift in Sources */,
				173B78E52A2CE35C005C83C9 /* ImagesListCell.swift in Sources */,
				1753B1E52A35D95C00C389F4 /* ProfileViewController.swift in Sources */,
				174E89212A80F3A000EE2498 /* PhotoResult.swift in Sources */,
				17EAD7E62A7D1A3800A3AC09 /* Photo.swift in Sources */,
				17A1D8332A74FA09007164A5 /* URLSession+Extensions.swift in Sources */,
				17E250FB2A5FFD56006736B1 /* OAuthTokenResponseBody.swift in Sources */,
				17BDC8F82A278C6700B1FAC8 /* AppDelegate.swift in Sources */,
				17E251072A66B6BD006736B1 /* AuthConfiguration.swift in Sources */,
				17EAD7E22A7A4F1600A3AC09 /* TabBarController.swift in Sources */,
				179CCFBF2A56FE59002372CD /* AuthViewController.swift in Sources */,
				1753B1E72A3DEB2500C389F4 /* SingleImageViewController.swift in Sources */,
				17A1D8412A75106B007164A5 /* UserResult.swift in Sources */,
				174192D52AA4878000869C79 /* ImagesListCellModel.swift in Sources */,
				17A1D8392A74FF97007164A5 /* ProfileService.swift in Sources */,
				1791951C2A77A34B00EF9EEC /* Alert.swift in Sources */,
				179CCFC12A5706F0002372CD /* WebViewViewController.swift in Sources */,
				17E250FF2A5FFFA3006736B1 /* OAuth2TokenStorage.swift in Sources */,
				17A1D8352A74FA23007164A5 /* URLRequest+Extensions.swift in Sources */,
				17A1D83F2A750FA9007164A5 /* ProfileImageService.swift in Sources */,
				17BDC8FA2A278C6700B1FAC8 /* SceneDelegate.swift in Sources */,
				17A1D83B2A74FFFA007164A5 /* Profile.swift in Sources */,
				17A1D8372A74FA5C007164A5 /* JSONDecoder+Extensions.swift in Sources */,
				1797B98B2AC3489F00B1A97A /* AuthHelper.swift in Sources */,
				17A1D83D2A750011007164A5 /* ProfileResult.swift in Sources */,
				173617582A693D2F00A3223E /* UIBlockingProgressHUD.swift in Sources */,
				1768749E2A90D7D30084D727 /* LikeResult.swift in Sources */,
			);
			runOnlyForDeploymentPostprocessing = 0;
		};
/* End PBXSourcesBuildPhase section */

/* Begin PBXTargetDependency section */
		170B639A2AC5629000ACAE26 /* PBXTargetDependency */ = {
			isa = PBXTargetDependency;
			target = 17BDC8F32A278C6700B1FAC8 /* PhotoGrammy */;
			targetProxy = 170B63992AC5629000ACAE26 /* PBXContainerItemProxy */;
		};
		1797B9A22AC34E7B00B1A97A /* PBXTargetDependency */ = {
			isa = PBXTargetDependency;
			target = 17BDC8F32A278C6700B1FAC8 /* PhotoGrammy */;
			targetProxy = 1797B9A12AC34E7B00B1A97A /* PBXContainerItemProxy */;
		};
/* End PBXTargetDependency section */

/* Begin PBXVariantGroup section */
		17BDC8FD2A278C6700B1FAC8 /* Main.storyboard */ = {
			isa = PBXVariantGroup;
			children = (
				17BDC8FE2A278C6700B1FAC8 /* Base */,
			);
			name = Main.storyboard;
			sourceTree = "<group>";
		};
		17BDC9022A278C6800B1FAC8 /* LaunchScreen.storyboard */ = {
			isa = PBXVariantGroup;
			children = (
				17BDC9032A278C6800B1FAC8 /* Base */,
			);
			name = LaunchScreen.storyboard;
			sourceTree = "<group>";
		};
/* End PBXVariantGroup section */

/* Begin XCBuildConfiguration section */
		170B639C2AC5629000ACAE26 /* Debug */ = {
			isa = XCBuildConfiguration;
			buildSettings = {
				CODE_SIGN_STYLE = Automatic;
				CURRENT_PROJECT_VERSION = 1;
				DEVELOPMENT_TEAM = 7N5WC939T7;
				GENERATE_INFOPLIST_FILE = YES;
				MARKETING_VERSION = 1.0;
				PRODUCT_BUNDLE_IDENTIFIER = com.aleksizverev.PhotoGrammyUITests;
				PRODUCT_NAME = "$(TARGET_NAME)";
				SWIFT_EMIT_LOC_STRINGS = NO;
				SWIFT_VERSION = 5.0;
				TARGETED_DEVICE_FAMILY = "1,2";
				TEST_TARGET_NAME = PhotoGrammy;
			};
			name = Debug;
		};
		170B639D2AC5629000ACAE26 /* Release */ = {
			isa = XCBuildConfiguration;
			buildSettings = {
				CODE_SIGN_STYLE = Automatic;
				CURRENT_PROJECT_VERSION = 1;
				DEVELOPMENT_TEAM = 7N5WC939T7;
				GENERATE_INFOPLIST_FILE = YES;
				MARKETING_VERSION = 1.0;
				PRODUCT_BUNDLE_IDENTIFIER = com.aleksizverev.PhotoGrammyUITests;
				PRODUCT_NAME = "$(TARGET_NAME)";
				SWIFT_EMIT_LOC_STRINGS = NO;
				SWIFT_VERSION = 5.0;
				TARGETED_DEVICE_FAMILY = "1,2";
				TEST_TARGET_NAME = PhotoGrammy;
			};
			name = Release;
		};
		1797B9A42AC34E7B00B1A97A /* Debug */ = {
			isa = XCBuildConfiguration;
			buildSettings = {
				BUNDLE_LOADER = "$(TEST_HOST)";
				CODE_SIGN_STYLE = Automatic;
				CURRENT_PROJECT_VERSION = 1;
				DEVELOPMENT_TEAM = 7N5WC939T7;
				GENERATE_INFOPLIST_FILE = YES;
				MARKETING_VERSION = 1.0;
				PRODUCT_BUNDLE_IDENTIFIER = "com.aleksizverev.Photo-GrammyTests";
				PRODUCT_NAME = "$(TARGET_NAME)";
				SWIFT_EMIT_LOC_STRINGS = NO;
				SWIFT_VERSION = 5.0;
				TARGETED_DEVICE_FAMILY = "1,2";
				TEST_HOST = "$(BUILT_PRODUCTS_DIR)/PhotoGrammy.app/$(BUNDLE_EXECUTABLE_FOLDER_PATH)/PhotoGrammy";
			};
			name = Debug;
		};
		1797B9A52AC34E7B00B1A97A /* Release */ = {
			isa = XCBuildConfiguration;
			buildSettings = {
				BUNDLE_LOADER = "$(TEST_HOST)";
				CODE_SIGN_STYLE = Automatic;
				CURRENT_PROJECT_VERSION = 1;
				DEVELOPMENT_TEAM = 7N5WC939T7;
				GENERATE_INFOPLIST_FILE = YES;
				MARKETING_VERSION = 1.0;
				PRODUCT_BUNDLE_IDENTIFIER = "com.aleksizverev.Photo-GrammyTests";
				PRODUCT_NAME = "$(TARGET_NAME)";
				SWIFT_EMIT_LOC_STRINGS = NO;
				SWIFT_VERSION = 5.0;
				TARGETED_DEVICE_FAMILY = "1,2";
				TEST_HOST = "$(BUILT_PRODUCTS_DIR)/PhotoGrammy.app/$(BUNDLE_EXECUTABLE_FOLDER_PATH)/PhotoGrammy";
			};
			name = Release;
		};
		17BDC9062A278C6800B1FAC8 /* Debug */ = {
			isa = XCBuildConfiguration;
			buildSettings = {
				ALWAYS_SEARCH_USER_PATHS = NO;
				CLANG_ANALYZER_NONNULL = YES;
				CLANG_ANALYZER_NUMBER_OBJECT_CONVERSION = YES_AGGRESSIVE;
				CLANG_CXX_LANGUAGE_STANDARD = "gnu++20";
				CLANG_ENABLE_MODULES = YES;
				CLANG_ENABLE_OBJC_ARC = YES;
				CLANG_ENABLE_OBJC_WEAK = YES;
				CLANG_WARN_BLOCK_CAPTURE_AUTORELEASING = YES;
				CLANG_WARN_BOOL_CONVERSION = YES;
				CLANG_WARN_COMMA = YES;
				CLANG_WARN_CONSTANT_CONVERSION = YES;
				CLANG_WARN_DEPRECATED_OBJC_IMPLEMENTATIONS = YES;
				CLANG_WARN_DIRECT_OBJC_ISA_USAGE = YES_ERROR;
				CLANG_WARN_DOCUMENTATION_COMMENTS = YES;
				CLANG_WARN_EMPTY_BODY = YES;
				CLANG_WARN_ENUM_CONVERSION = YES;
				CLANG_WARN_INFINITE_RECURSION = YES;
				CLANG_WARN_INT_CONVERSION = YES;
				CLANG_WARN_NON_LITERAL_NULL_CONVERSION = YES;
				CLANG_WARN_OBJC_IMPLICIT_RETAIN_SELF = YES;
				CLANG_WARN_OBJC_LITERAL_CONVERSION = YES;
				CLANG_WARN_OBJC_ROOT_CLASS = YES_ERROR;
				CLANG_WARN_QUOTED_INCLUDE_IN_FRAMEWORK_HEADER = YES;
				CLANG_WARN_RANGE_LOOP_ANALYSIS = YES;
				CLANG_WARN_STRICT_PROTOTYPES = YES;
				CLANG_WARN_SUSPICIOUS_MOVE = YES;
				CLANG_WARN_UNGUARDED_AVAILABILITY = YES_AGGRESSIVE;
				CLANG_WARN_UNREACHABLE_CODE = YES;
				CLANG_WARN__DUPLICATE_METHOD_MATCH = YES;
				COPY_PHASE_STRIP = NO;
				DEBUG_INFORMATION_FORMAT = dwarf;
				ENABLE_STRICT_OBJC_MSGSEND = YES;
				ENABLE_TESTABILITY = YES;
				GCC_C_LANGUAGE_STANDARD = gnu11;
				GCC_DYNAMIC_NO_PIC = NO;
				GCC_NO_COMMON_BLOCKS = YES;
				GCC_OPTIMIZATION_LEVEL = 0;
				GCC_PREPROCESSOR_DEFINITIONS = (
					"DEBUG=1",
					"$(inherited)",
				);
				GCC_WARN_64_TO_32_BIT_CONVERSION = YES;
				GCC_WARN_ABOUT_RETURN_TYPE = YES_ERROR;
				GCC_WARN_UNDECLARED_SELECTOR = YES;
				GCC_WARN_UNINITIALIZED_AUTOS = YES_AGGRESSIVE;
				GCC_WARN_UNUSED_FUNCTION = YES;
				GCC_WARN_UNUSED_VARIABLE = YES;
				IPHONEOS_DEPLOYMENT_TARGET = 16.4;
				MTL_ENABLE_DEBUG_INFO = INCLUDE_SOURCE;
				MTL_FAST_MATH = YES;
				ONLY_ACTIVE_ARCH = YES;
				SDKROOT = iphoneos;
				SWIFT_ACTIVE_COMPILATION_CONDITIONS = DEBUG;
				SWIFT_OPTIMIZATION_LEVEL = "-Onone";
			};
			name = Debug;
		};
		17BDC9072A278C6800B1FAC8 /* Release */ = {
			isa = XCBuildConfiguration;
			buildSettings = {
				ALWAYS_SEARCH_USER_PATHS = NO;
				CLANG_ANALYZER_NONNULL = YES;
				CLANG_ANALYZER_NUMBER_OBJECT_CONVERSION = YES_AGGRESSIVE;
				CLANG_CXX_LANGUAGE_STANDARD = "gnu++20";
				CLANG_ENABLE_MODULES = YES;
				CLANG_ENABLE_OBJC_ARC = YES;
				CLANG_ENABLE_OBJC_WEAK = YES;
				CLANG_WARN_BLOCK_CAPTURE_AUTORELEASING = YES;
				CLANG_WARN_BOOL_CONVERSION = YES;
				CLANG_WARN_COMMA = YES;
				CLANG_WARN_CONSTANT_CONVERSION = YES;
				CLANG_WARN_DEPRECATED_OBJC_IMPLEMENTATIONS = YES;
				CLANG_WARN_DIRECT_OBJC_ISA_USAGE = YES_ERROR;
				CLANG_WARN_DOCUMENTATION_COMMENTS = YES;
				CLANG_WARN_EMPTY_BODY = YES;
				CLANG_WARN_ENUM_CONVERSION = YES;
				CLANG_WARN_INFINITE_RECURSION = YES;
				CLANG_WARN_INT_CONVERSION = YES;
				CLANG_WARN_NON_LITERAL_NULL_CONVERSION = YES;
				CLANG_WARN_OBJC_IMPLICIT_RETAIN_SELF = YES;
				CLANG_WARN_OBJC_LITERAL_CONVERSION = YES;
				CLANG_WARN_OBJC_ROOT_CLASS = YES_ERROR;
				CLANG_WARN_QUOTED_INCLUDE_IN_FRAMEWORK_HEADER = YES;
				CLANG_WARN_RANGE_LOOP_ANALYSIS = YES;
				CLANG_WARN_STRICT_PROTOTYPES = YES;
				CLANG_WARN_SUSPICIOUS_MOVE = YES;
				CLANG_WARN_UNGUARDED_AVAILABILITY = YES_AGGRESSIVE;
				CLANG_WARN_UNREACHABLE_CODE = YES;
				CLANG_WARN__DUPLICATE_METHOD_MATCH = YES;
				COPY_PHASE_STRIP = NO;
				DEBUG_INFORMATION_FORMAT = "dwarf-with-dsym";
				ENABLE_NS_ASSERTIONS = NO;
				ENABLE_STRICT_OBJC_MSGSEND = YES;
				GCC_C_LANGUAGE_STANDARD = gnu11;
				GCC_NO_COMMON_BLOCKS = YES;
				GCC_WARN_64_TO_32_BIT_CONVERSION = YES;
				GCC_WARN_ABOUT_RETURN_TYPE = YES_ERROR;
				GCC_WARN_UNDECLARED_SELECTOR = YES;
				GCC_WARN_UNINITIALIZED_AUTOS = YES_AGGRESSIVE;
				GCC_WARN_UNUSED_FUNCTION = YES;
				GCC_WARN_UNUSED_VARIABLE = YES;
				IPHONEOS_DEPLOYMENT_TARGET = 16.4;
				MTL_ENABLE_DEBUG_INFO = NO;
				MTL_FAST_MATH = YES;
				SDKROOT = iphoneos;
				SWIFT_COMPILATION_MODE = wholemodule;
				SWIFT_OPTIMIZATION_LEVEL = "-O";
				VALIDATE_PRODUCT = YES;
			};
			name = Release;
		};
		17BDC9092A278C6800B1FAC8 /* Debug */ = {
			isa = XCBuildConfiguration;
			buildSettings = {
				ASSETCATALOG_COMPILER_APPICON_NAME = AppIcon;
				ASSETCATALOG_COMPILER_GLOBAL_ACCENT_COLOR_NAME = AccentColor;
				CODE_SIGN_STYLE = Automatic;
				CURRENT_PROJECT_VERSION = 1;
				DEVELOPMENT_TEAM = 7N5WC939T7;
				GENERATE_INFOPLIST_FILE = YES;
				INFOPLIST_FILE = PhotoGrammy/Info.plist;
				INFOPLIST_KEY_UIApplicationSupportsIndirectInputEvents = YES;
				INFOPLIST_KEY_UILaunchStoryboardName = LaunchScreen;
				INFOPLIST_KEY_UIMainStoryboardFile = Main;
				INFOPLIST_KEY_UISupportedInterfaceOrientations = UIInterfaceOrientationPortrait;
				IPHONEOS_DEPLOYMENT_TARGET = 13.0;
				LD_RUNPATH_SEARCH_PATHS = (
					"$(inherited)",
					"@executable_path/Frameworks",
				);
				MARKETING_VERSION = 1.0;
				PRODUCT_BUNDLE_IDENTIFIER = com.aleksizverev.PhotoGrammy;
				PRODUCT_NAME = "$(TARGET_NAME)";
				SUPPORTED_PLATFORMS = "iphoneos iphonesimulator";
				SUPPORTS_MACCATALYST = NO;
				SUPPORTS_MAC_DESIGNED_FOR_IPHONE_IPAD = YES;
				SWIFT_EMIT_LOC_STRINGS = YES;
				SWIFT_VERSION = 5.0;
				TARGETED_DEVICE_FAMILY = 1;
			};
			name = Debug;
		};
		17BDC90A2A278C6800B1FAC8 /* Release */ = {
			isa = XCBuildConfiguration;
			buildSettings = {
				ASSETCATALOG_COMPILER_APPICON_NAME = AppIcon;
				ASSETCATALOG_COMPILER_GLOBAL_ACCENT_COLOR_NAME = AccentColor;
				CODE_SIGN_STYLE = Automatic;
				CURRENT_PROJECT_VERSION = 1;
				DEVELOPMENT_TEAM = 7N5WC939T7;
				GENERATE_INFOPLIST_FILE = YES;
				INFOPLIST_FILE = PhotoGrammy/Info.plist;
				INFOPLIST_KEY_UIApplicationSupportsIndirectInputEvents = YES;
				INFOPLIST_KEY_UILaunchStoryboardName = LaunchScreen;
				INFOPLIST_KEY_UIMainStoryboardFile = Main;
				INFOPLIST_KEY_UISupportedInterfaceOrientations = UIInterfaceOrientationPortrait;
				IPHONEOS_DEPLOYMENT_TARGET = 13.0;
				LD_RUNPATH_SEARCH_PATHS = (
					"$(inherited)",
					"@executable_path/Frameworks",
				);
				MARKETING_VERSION = 1.0;
				PRODUCT_BUNDLE_IDENTIFIER = com.aleksizverev.PhotoGrammy;
				PRODUCT_NAME = "$(TARGET_NAME)";
				SUPPORTED_PLATFORMS = "iphoneos iphonesimulator";
				SUPPORTS_MACCATALYST = NO;
				SUPPORTS_MAC_DESIGNED_FOR_IPHONE_IPAD = YES;
				SWIFT_EMIT_LOC_STRINGS = YES;
				SWIFT_VERSION = 5.0;
				TARGETED_DEVICE_FAMILY = 1;
			};
			name = Release;
		};
/* End XCBuildConfiguration section */

/* Begin XCConfigurationList section */
		170B639B2AC5629000ACAE26 /* Build configuration list for PBXNativeTarget "PhotoGrammyUITests" */ = {
			isa = XCConfigurationList;
			buildConfigurations = (
				170B639C2AC5629000ACAE26 /* Debug */,
				170B639D2AC5629000ACAE26 /* Release */,
			);
			defaultConfigurationIsVisible = 0;
			defaultConfigurationName = Release;
		};
		1797B9A32AC34E7B00B1A97A /* Build configuration list for PBXNativeTarget "Photo GrammyTests" */ = {
			isa = XCConfigurationList;
			buildConfigurations = (
				1797B9A42AC34E7B00B1A97A /* Debug */,
				1797B9A52AC34E7B00B1A97A /* Release */,
			);
			defaultConfigurationIsVisible = 0;
			defaultConfigurationName = Release;
		};
		17BDC8EF2A278C6600B1FAC8 /* Build configuration list for PBXProject "PhotoGrammy" */ = {
			isa = XCConfigurationList;
			buildConfigurations = (
				17BDC9062A278C6800B1FAC8 /* Debug */,
				17BDC9072A278C6800B1FAC8 /* Release */,
			);
			defaultConfigurationIsVisible = 0;
			defaultConfigurationName = Release;
		};
		17BDC9082A278C6800B1FAC8 /* Build configuration list for PBXNativeTarget "PhotoGrammy" */ = {
			isa = XCConfigurationList;
			buildConfigurations = (
				17BDC9092A278C6800B1FAC8 /* Debug */,
				17BDC90A2A278C6800B1FAC8 /* Release */,
			);
			defaultConfigurationIsVisible = 0;
			defaultConfigurationName = Release;
		};
/* End XCConfigurationList section */

/* Begin XCRemoteSwiftPackageReference section */
		1791951D2A7819A300EF9EEC /* XCRemoteSwiftPackageReference "Kingfisher" */ = {
			isa = XCRemoteSwiftPackageReference;
			repositoryURL = "https://github.com/onevcat/Kingfisher.git";
			requirement = {
				kind = upToNextMajorVersion;
				minimumVersion = 7.0.0;
			};
		};
		17E251032A66B440006736B1 /* XCRemoteSwiftPackageReference "ProgressHUD" */ = {
			isa = XCRemoteSwiftPackageReference;
			repositoryURL = "https://github.com/relatedcode/ProgressHUD";
			requirement = {
				kind = exactVersion;
				version = 13.6.1;
			};
		};
		17EAD7DA2A7A406F00A3AC09 /* XCRemoteSwiftPackageReference "SwiftKeychainWrapper" */ = {
			isa = XCRemoteSwiftPackageReference;
			repositoryURL = "https://github.com/jrendel/SwiftKeychainWrapper";
			requirement = {
				kind = upToNextMajorVersion;
				minimumVersion = 4.0.0;
			};
		};
/* End XCRemoteSwiftPackageReference section */

/* Begin XCSwiftPackageProductDependency section */
		1791951E2A7819A300EF9EEC /* Kingfisher */ = {
			isa = XCSwiftPackageProductDependency;
			package = 1791951D2A7819A300EF9EEC /* XCRemoteSwiftPackageReference "Kingfisher" */;
			productName = Kingfisher;
		};
		17E251042A66B440006736B1 /* ProgressHUD */ = {
			isa = XCSwiftPackageProductDependency;
			package = 17E251032A66B440006736B1 /* XCRemoteSwiftPackageReference "ProgressHUD" */;
			productName = ProgressHUD;
		};
		17EAD7DB2A7A406F00A3AC09 /* SwiftKeychainWrapper */ = {
			isa = XCSwiftPackageProductDependency;
			package = 17EAD7DA2A7A406F00A3AC09 /* XCRemoteSwiftPackageReference "SwiftKeychainWrapper" */;
			productName = SwiftKeychainWrapper;
		};
/* End XCSwiftPackageProductDependency section */
	};
	rootObject = 17BDC8EC2A278C6600B1FAC8 /* Project object */;
}
