// !$*UTF8*$!
{
	archiveVersion = 1;
	classes = {
	};
	objectVersion = 56;
	objects = {

/* Begin PBXBuildFile section */
		17032F522A70E8A900C587D0 /* AlertPresenter.swift in Sources */ = {isa = PBXBuildFile; fileRef = 17032F512A70E8A900C587D0 /* AlertPresenter.swift */; };
		17032F542A70E8D800C587D0 /* AlertModel.swift in Sources */ = {isa = PBXBuildFile; fileRef = 17032F532A70E8D800C587D0 /* AlertModel.swift */; };
		173617582A693D2F00A3223E /* UIBlockingProgressHUD.swift in Sources */ = {isa = PBXBuildFile; fileRef = 173617572A693D2F00A3223E /* UIBlockingProgressHUD.swift */; };
		1736175A2A6976CD00A3223E /* ProfileService.swift in Sources */ = {isa = PBXBuildFile; fileRef = 173617592A6976CD00A3223E /* ProfileService.swift */; };
		1736175C2A69770A00A3223E /* ProfileResult.swift in Sources */ = {isa = PBXBuildFile; fileRef = 1736175B2A69770A00A3223E /* ProfileResult.swift */; };
		1736175E2A69774D00A3223E /* Profile.swift in Sources */ = {isa = PBXBuildFile; fileRef = 1736175D2A69774D00A3223E /* Profile.swift */; };
		173617622A6A8EDD00A3223E /* ProfileImageService.swift in Sources */ = {isa = PBXBuildFile; fileRef = 173617612A6A8EDD00A3223E /* ProfileImageService.swift */; };
		173617642A6A8FFF00A3223E /* UserResult.swift in Sources */ = {isa = PBXBuildFile; fileRef = 173617632A6A8FFF00A3223E /* UserResult.swift */; };
		173617662A6E86A100A3223E /* WebServiceExtensions.swift in Sources */ = {isa = PBXBuildFile; fileRef = 173617652A6E86A100A3223E /* WebServiceExtensions.swift */; };
		173B78E52A2CE35C005C83C9 /* ImagesListCell.swift in Sources */ = {isa = PBXBuildFile; fileRef = 173B78E42A2CE35C005C83C9 /* ImagesListCell.swift */; };
		1753B1E52A35D95C00C389F4 /* ProfileViewController.swift in Sources */ = {isa = PBXBuildFile; fileRef = 1753B1E42A35D95C00C389F4 /* ProfileViewController.swift */; };
		1753B1E72A3DEB2500C389F4 /* SingleImageViewController.swift in Sources */ = {isa = PBXBuildFile; fileRef = 1753B1E62A3DEB2500C389F4 /* SingleImageViewController.swift */; };
		179CCFBF2A56FE59002372CD /* AuthViewController.swift in Sources */ = {isa = PBXBuildFile; fileRef = 179CCFBE2A56FE59002372CD /* AuthViewController.swift */; };
		179CCFC12A5706F0002372CD /* WebViewViewController.swift in Sources */ = {isa = PBXBuildFile; fileRef = 179CCFC02A5706F0002372CD /* WebViewViewController.swift */; };
		17A1D8312A7146AC007164A5 /* Kingfisher in Frameworks */ = {isa = PBXBuildFile; productRef = 17A1D8302A7146AC007164A5 /* Kingfisher */; };
		17BDC8F82A278C6700B1FAC8 /* AppDelegate.swift in Sources */ = {isa = PBXBuildFile; fileRef = 17BDC8F72A278C6700B1FAC8 /* AppDelegate.swift */; };
		17BDC8FA2A278C6700B1FAC8 /* SceneDelegate.swift in Sources */ = {isa = PBXBuildFile; fileRef = 17BDC8F92A278C6700B1FAC8 /* SceneDelegate.swift */; };
		17BDC8FC2A278C6700B1FAC8 /* ImagesListViewController.swift in Sources */ = {isa = PBXBuildFile; fileRef = 17BDC8FB2A278C6700B1FAC8 /* ImagesListViewController.swift */; };
		17BDC8FF2A278C6700B1FAC8 /* Main.storyboard in Resources */ = {isa = PBXBuildFile; fileRef = 17BDC8FD2A278C6700B1FAC8 /* Main.storyboard */; };
		17BDC9012A278C6800B1FAC8 /* Assets.xcassets in Resources */ = {isa = PBXBuildFile; fileRef = 17BDC9002A278C6800B1FAC8 /* Assets.xcassets */; };
		17BDC9042A278C6800B1FAC8 /* LaunchScreen.storyboard in Resources */ = {isa = PBXBuildFile; fileRef = 17BDC9022A278C6800B1FAC8 /* LaunchScreen.storyboard */; };
		17E250FB2A5FFD56006736B1 /* OAuthTokenResponseBody.swift in Sources */ = {isa = PBXBuildFile; fileRef = 17E250FA2A5FFD56006736B1 /* OAuthTokenResponseBody.swift */; };
		17E250FD2A5FFE06006736B1 /* OAuth2Service.swift in Sources */ = {isa = PBXBuildFile; fileRef = 17E250FC2A5FFE06006736B1 /* OAuth2Service.swift */; };
		17E250FF2A5FFFA3006736B1 /* OAuth2TokenStorage.swift in Sources */ = {isa = PBXBuildFile; fileRef = 17E250FE2A5FFFA3006736B1 /* OAuth2TokenStorage.swift */; };
		17E251022A651597006736B1 /* SplashScreenViewController.swift in Sources */ = {isa = PBXBuildFile; fileRef = 17E251012A651597006736B1 /* SplashScreenViewController.swift */; };
		17E251052A66B440006736B1 /* ProgressHUD in Frameworks */ = {isa = PBXBuildFile; productRef = 17E251042A66B440006736B1 /* ProgressHUD */; };
		17E251072A66B6BD006736B1 /* Constants.swift in Sources */ = {isa = PBXBuildFile; fileRef = 17E251062A66B6BD006736B1 /* Constants.swift */; };
/* End PBXBuildFile section */

/* Begin PBXFileReference section */
		17032F512A70E8A900C587D0 /* AlertPresenter.swift */ = {isa = PBXFileReference; lastKnownFileType = sourcecode.swift; path = AlertPresenter.swift; sourceTree = "<group>"; };
		17032F532A70E8D800C587D0 /* AlertModel.swift */ = {isa = PBXFileReference; lastKnownFileType = sourcecode.swift; path = AlertModel.swift; sourceTree = "<group>"; };
		173617572A693D2F00A3223E /* UIBlockingProgressHUD.swift */ = {isa = PBXFileReference; lastKnownFileType = sourcecode.swift; path = UIBlockingProgressHUD.swift; sourceTree = "<group>"; };
		173617592A6976CD00A3223E /* ProfileService.swift */ = {isa = PBXFileReference; lastKnownFileType = sourcecode.swift; path = ProfileService.swift; sourceTree = "<group>"; };
		1736175B2A69770A00A3223E /* ProfileResult.swift */ = {isa = PBXFileReference; lastKnownFileType = sourcecode.swift; path = ProfileResult.swift; sourceTree = "<group>"; };
		1736175D2A69774D00A3223E /* Profile.swift */ = {isa = PBXFileReference; lastKnownFileType = sourcecode.swift; path = Profile.swift; sourceTree = "<group>"; };
		173617612A6A8EDD00A3223E /* ProfileImageService.swift */ = {isa = PBXFileReference; lastKnownFileType = sourcecode.swift; path = ProfileImageService.swift; sourceTree = "<group>"; };
		173617632A6A8FFF00A3223E /* UserResult.swift */ = {isa = PBXFileReference; lastKnownFileType = sourcecode.swift; path = UserResult.swift; sourceTree = "<group>"; };
		173617652A6E86A100A3223E /* WebServiceExtensions.swift */ = {isa = PBXFileReference; lastKnownFileType = sourcecode.swift; path = WebServiceExtensions.swift; sourceTree = "<group>"; };
		173B78E42A2CE35C005C83C9 /* ImagesListCell.swift */ = {isa = PBXFileReference; lastKnownFileType = sourcecode.swift; path = ImagesListCell.swift; sourceTree = "<group>"; };
		1753B1E42A35D95C00C389F4 /* ProfileViewController.swift */ = {isa = PBXFileReference; lastKnownFileType = sourcecode.swift; path = ProfileViewController.swift; sourceTree = "<group>"; };
		1753B1E62A3DEB2500C389F4 /* SingleImageViewController.swift */ = {isa = PBXFileReference; lastKnownFileType = sourcecode.swift; path = SingleImageViewController.swift; sourceTree = "<group>"; };
		179CCFBE2A56FE59002372CD /* AuthViewController.swift */ = {isa = PBXFileReference; lastKnownFileType = sourcecode.swift; path = AuthViewController.swift; sourceTree = "<group>"; };
		179CCFC02A5706F0002372CD /* WebViewViewController.swift */ = {isa = PBXFileReference; lastKnownFileType = sourcecode.swift; path = WebViewViewController.swift; sourceTree = "<group>"; };
		17BDC8F42A278C6700B1FAC8 /* PhotoGrammy.app */ = {isa = PBXFileReference; explicitFileType = wrapper.application; includeInIndex = 0; path = PhotoGrammy.app; sourceTree = BUILT_PRODUCTS_DIR; };
		17BDC8F72A278C6700B1FAC8 /* AppDelegate.swift */ = {isa = PBXFileReference; lastKnownFileType = sourcecode.swift; path = AppDelegate.swift; sourceTree = "<group>"; };
		17BDC8F92A278C6700B1FAC8 /* SceneDelegate.swift */ = {isa = PBXFileReference; lastKnownFileType = sourcecode.swift; path = SceneDelegate.swift; sourceTree = "<group>"; };
		17BDC8FB2A278C6700B1FAC8 /* ImagesListViewController.swift */ = {isa = PBXFileReference; lastKnownFileType = sourcecode.swift; path = ImagesListViewController.swift; sourceTree = "<group>"; };
		17BDC8FE2A278C6700B1FAC8 /* Base */ = {isa = PBXFileReference; lastKnownFileType = file.storyboard; name = Base; path = Base.lproj/Main.storyboard; sourceTree = "<group>"; };
		17BDC9002A278C6800B1FAC8 /* Assets.xcassets */ = {isa = PBXFileReference; lastKnownFileType = folder.assetcatalog; path = Assets.xcassets; sourceTree = "<group>"; };
		17BDC9032A278C6800B1FAC8 /* Base */ = {isa = PBXFileReference; lastKnownFileType = file.storyboard; name = Base; path = Base.lproj/LaunchScreen.storyboard; sourceTree = "<group>"; };
		17BDC9052A278C6800B1FAC8 /* Info.plist */ = {isa = PBXFileReference; lastKnownFileType = text.plist.xml; path = Info.plist; sourceTree = "<group>"; };
		17E250FA2A5FFD56006736B1 /* OAuthTokenResponseBody.swift */ = {isa = PBXFileReference; lastKnownFileType = sourcecode.swift; path = OAuthTokenResponseBody.swift; sourceTree = "<group>"; };
		17E250FC2A5FFE06006736B1 /* OAuth2Service.swift */ = {isa = PBXFileReference; lastKnownFileType = sourcecode.swift; path = OAuth2Service.swift; sourceTree = "<group>"; };
		17E250FE2A5FFFA3006736B1 /* OAuth2TokenStorage.swift */ = {isa = PBXFileReference; lastKnownFileType = sourcecode.swift; path = OAuth2TokenStorage.swift; sourceTree = "<group>"; };
		17E251012A651597006736B1 /* SplashScreenViewController.swift */ = {isa = PBXFileReference; lastKnownFileType = sourcecode.swift; path = SplashScreenViewController.swift; sourceTree = "<group>"; };
		17E251062A66B6BD006736B1 /* Constants.swift */ = {isa = PBXFileReference; lastKnownFileType = sourcecode.swift; path = Constants.swift; sourceTree = "<group>"; };
/* End PBXFileReference section */

/* Begin PBXFrameworksBuildPhase section */
		17BDC8F12A278C6700B1FAC8 /* Frameworks */ = {
			isa = PBXFrameworksBuildPhase;
			buildActionMask = 2147483647;
			files = (
				17A1D8312A7146AC007164A5 /* Kingfisher in Frameworks */,
				17E251052A66B440006736B1 /* ProgressHUD in Frameworks */,
			);
			runOnlyForDeploymentPostprocessing = 0;
		};
/* End PBXFrameworksBuildPhase section */

/* Begin PBXGroup section */
		173617562A693D1000A3223E /* Services */ = {
			isa = PBXGroup;
			children = (
				173617652A6E86A100A3223E /* WebServiceExtensions.swift */,
				173617602A6A8EB100A3223E /* Profile */,
				1736175F2A6A8E8E00A3223E /* OAuth2 */,
				17E251062A66B6BD006736B1 /* Constants.swift */,
				173617572A693D2F00A3223E /* UIBlockingProgressHUD.swift */,
				17032F512A70E8A900C587D0 /* AlertPresenter.swift */,
			);
			path = Services;
			sourceTree = "<group>";
		};
		1736175F2A6A8E8E00A3223E /* OAuth2 */ = {
			isa = PBXGroup;
			children = (
				17E250FE2A5FFFA3006736B1 /* OAuth2TokenStorage.swift */,
				17E250FC2A5FFE06006736B1 /* OAuth2Service.swift */,
			);
			path = OAuth2;
			sourceTree = "<group>";
		};
		173617602A6A8EB100A3223E /* Profile */ = {
			isa = PBXGroup;
			children = (
				173617592A6976CD00A3223E /* ProfileService.swift */,
				173617612A6A8EDD00A3223E /* ProfileImageService.swift */,
			);
			path = Profile;
			sourceTree = "<group>";
		};
		173B78E72A2CE3F3005C83C9 /* ImagesList */ = {
			isa = PBXGroup;
			children = (
				173B78E42A2CE35C005C83C9 /* ImagesListCell.swift */,
				17BDC8FB2A278C6700B1FAC8 /* ImagesListViewController.swift */,
			);
			path = ImagesList;
			sourceTree = "<group>";
		};
		1753B1E32A35D6E700C389F4 /* UserProfile */ = {
			isa = PBXGroup;
			children = (
				1753B1E42A35D95C00C389F4 /* ProfileViewController.swift */,
			);
			path = UserProfile;
			sourceTree = "<group>";
		};
		1764DEF82A5096BA0022DC23 /* SigleImage */ = {
			isa = PBXGroup;
			children = (
				1753B1E62A3DEB2500C389F4 /* SingleImageViewController.swift */,
			);
			path = SigleImage;
			sourceTree = "<group>";
		};
		179CCFBD2A56FE3D002372CD /* Auth */ = {
			isa = PBXGroup;
			children = (
				179CCFBE2A56FE59002372CD /* AuthViewController.swift */,
				179CCFC02A5706F0002372CD /* WebViewViewController.swift */,
			);
			path = Auth;
			sourceTree = "<group>";
		};
		17BDC8EB2A278C6600B1FAC8 = {
			isa = PBXGroup;
			children = (
				17BDC8F62A278C6700B1FAC8 /* PhotoGrammy */,
				17BDC8F52A278C6700B1FAC8 /* Products */,
			);
			sourceTree = "<group>";
		};
		17BDC8F52A278C6700B1FAC8 /* Products */ = {
			isa = PBXGroup;
			children = (
				17BDC8F42A278C6700B1FAC8 /* PhotoGrammy.app */,
			);
			name = Products;
			sourceTree = "<group>";
		};
		17BDC8F62A278C6700B1FAC8 /* PhotoGrammy */ = {
			isa = PBXGroup;
			children = (
				173617562A693D1000A3223E /* Services */,
				17E251002A651552006736B1 /* SplashScreen */,
				17E250F92A5FFD39006736B1 /* Models */,
				179CCFBD2A56FE3D002372CD /* Auth */,
				1764DEF82A5096BA0022DC23 /* SigleImage */,
				1753B1E32A35D6E700C389F4 /* UserProfile */,
				173B78E72A2CE3F3005C83C9 /* ImagesList */,
				17BDC8F72A278C6700B1FAC8 /* AppDelegate.swift */,
				17BDC8F92A278C6700B1FAC8 /* SceneDelegate.swift */,
				17BDC8FD2A278C6700B1FAC8 /* Main.storyboard */,
				17BDC9002A278C6800B1FAC8 /* Assets.xcassets */,
				17BDC9022A278C6800B1FAC8 /* LaunchScreen.storyboard */,
				17BDC9052A278C6800B1FAC8 /* Info.plist */,
			);
			path = PhotoGrammy;
			sourceTree = "<group>";
		};
		17E250F92A5FFD39006736B1 /* Models */ = {
			isa = PBXGroup;
			children = (
				17E250FA2A5FFD56006736B1 /* OAuthTokenResponseBody.swift */,
				1736175B2A69770A00A3223E /* ProfileResult.swift */,
				1736175D2A69774D00A3223E /* Profile.swift */,
				173617632A6A8FFF00A3223E /* UserResult.swift */,
				17032F532A70E8D800C587D0 /* AlertModel.swift */,
			);
			path = Models;
			sourceTree = "<group>";
		};
		17E251002A651552006736B1 /* SplashScreen */ = {
			isa = PBXGroup;
			children = (
				17E251012A651597006736B1 /* SplashScreenViewController.swift */,
			);
			path = SplashScreen;
			sourceTree = "<group>";
		};
/* End PBXGroup section */

/* Begin PBXNativeTarget section */
		17BDC8F32A278C6700B1FAC8 /* PhotoGrammy */ = {
			isa = PBXNativeTarget;
			buildConfigurationList = 17BDC9082A278C6800B1FAC8 /* Build configuration list for PBXNativeTarget "PhotoGrammy" */;
			buildPhases = (
				17BDC8F02A278C6700B1FAC8 /* Sources */,
				17BDC8F12A278C6700B1FAC8 /* Frameworks */,
				17BDC8F22A278C6700B1FAC8 /* Resources */,
			);
			buildRules = (
			);
			dependencies = (
			);
			name = PhotoGrammy;
			packageProductDependencies = (
				17E251042A66B440006736B1 /* ProgressHUD */,
				17A1D8302A7146AC007164A5 /* Kingfisher */,
			);
			productName = PhotoGrammy;
			productReference = 17BDC8F42A278C6700B1FAC8 /* PhotoGrammy.app */;
			productType = "com.apple.product-type.application";
		};
/* End PBXNativeTarget section */

/* Begin PBXProject section */
		17BDC8EC2A278C6600B1FAC8 /* Project object */ = {
			isa = PBXProject;
			attributes = {
				BuildIndependentTargetsInParallel = 1;
				LastSwiftUpdateCheck = 1430;
				LastUpgradeCheck = 1430;
				TargetAttributes = {
					17BDC8F32A278C6700B1FAC8 = {
						CreatedOnToolsVersion = 14.3;
					};
				};
			};
			buildConfigurationList = 17BDC8EF2A278C6600B1FAC8 /* Build configuration list for PBXProject "PhotoGrammy" */;
			compatibilityVersion = "Xcode 14.0";
			developmentRegion = en;
			hasScannedForEncodings = 0;
			knownRegions = (
				en,
				Base,
			);
			mainGroup = 17BDC8EB2A278C6600B1FAC8;
			packageReferences = (
				17E251032A66B440006736B1 /* XCRemoteSwiftPackageReference "ProgressHUD" */,
				17A1D82F2A7146AC007164A5 /* XCRemoteSwiftPackageReference "Kingfisher" */,
			);
			productRefGroup = 17BDC8F52A278C6700B1FAC8 /* Products */;
			projectDirPath = "";
			projectRoot = "";
			targets = (
				17BDC8F32A278C6700B1FAC8 /* PhotoGrammy */,
			);
		};
/* End PBXProject section */

/* Begin PBXResourcesBuildPhase section */
		17BDC8F22A278C6700B1FAC8 /* Resources */ = {
			isa = PBXResourcesBuildPhase;
			buildActionMask = 2147483647;
			files = (
				17BDC9042A278C6800B1FAC8 /* LaunchScreen.storyboard in Resources */,
				17BDC9012A278C6800B1FAC8 /* Assets.xcassets in Resources */,
				17BDC8FF2A278C6700B1FAC8 /* Main.storyboard in Resources */,
			);
			runOnlyForDeploymentPostprocessing = 0;
		};
/* End PBXResourcesBuildPhase section */

/* Begin PBXSourcesBuildPhase section */
		17BDC8F02A278C6700B1FAC8 /* Sources */ = {
			isa = PBXSourcesBuildPhase;
			buildActionMask = 2147483647;
			files = (
				17BDC8FC2A278C6700B1FAC8 /* ImagesListViewController.swift in Sources */,
				17E251022A651597006736B1 /* SplashScreenViewController.swift in Sources */,
				17E250FD2A5FFE06006736B1 /* OAuth2Service.swift in Sources */,
				173B78E52A2CE35C005C83C9 /* ImagesListCell.swift in Sources */,
				1753B1E52A35D95C00C389F4 /* ProfileViewController.swift in Sources */,
				17E250FB2A5FFD56006736B1 /* OAuthTokenResponseBody.swift in Sources */,
				17BDC8F82A278C6700B1FAC8 /* AppDelegate.swift in Sources */,
				17E251072A66B6BD006736B1 /* Constants.swift in Sources */,
				17032F522A70E8A900C587D0 /* AlertPresenter.swift in Sources */,
				17032F542A70E8D800C587D0 /* AlertModel.swift in Sources */,
				179CCFBF2A56FE59002372CD /* AuthViewController.swift in Sources */,
				1753B1E72A3DEB2500C389F4 /* SingleImageViewController.swift in Sources */,
				179CCFC12A5706F0002372CD /* WebViewViewController.swift in Sources */,
				173617642A6A8FFF00A3223E /* UserResult.swift in Sources */,
				1736175E2A69774D00A3223E /* Profile.swift in Sources */,
				17E250FF2A5FFFA3006736B1 /* OAuth2TokenStorage.swift in Sources */,
				1736175A2A6976CD00A3223E /* ProfileService.swift in Sources */,
				17BDC8FA2A278C6700B1FAC8 /* SceneDelegate.swift in Sources */,
				173617622A6A8EDD00A3223E /* ProfileImageService.swift in Sources */,
				1736175C2A69770A00A3223E /* ProfileResult.swift in Sources */,
				173617662A6E86A100A3223E /* WebServiceExtensions.swift in Sources */,
				173617582A693D2F00A3223E /* UIBlockingProgressHUD.swift in Sources */,
			);
			runOnlyForDeploymentPostprocessing = 0;
		};
/* End PBXSourcesBuildPhase section */

/* Begin PBXVariantGroup section */
		17BDC8FD2A278C6700B1FAC8 /* Main.storyboard */ = {
			isa = PBXVariantGroup;
			children = (
				17BDC8FE2A278C6700B1FAC8 /* Base */,
			);
			name = Main.storyboard;
			sourceTree = "<group>";
		};
		17BDC9022A278C6800B1FAC8 /* LaunchScreen.storyboard */ = {
			isa = PBXVariantGroup;
			children = (
				17BDC9032A278C6800B1FAC8 /* Base */,
			);
			name = LaunchScreen.storyboard;
			sourceTree = "<group>";
		};
/* End PBXVariantGroup section */

/* Begin XCBuildConfiguration section */
		17BDC9062A278C6800B1FAC8 /* Debug */ = {
			isa = XCBuildConfiguration;
			buildSettings = {
				ALWAYS_SEARCH_USER_PATHS = NO;
				CLANG_ANALYZER_NONNULL = YES;
				CLANG_ANALYZER_NUMBER_OBJECT_CONVERSION = YES_AGGRESSIVE;
				CLANG_CXX_LANGUAGE_STANDARD = "gnu++20";
				CLANG_ENABLE_MODULES = YES;
				CLANG_ENABLE_OBJC_ARC = YES;
				CLANG_ENABLE_OBJC_WEAK = YES;
				CLANG_WARN_BLOCK_CAPTURE_AUTORELEASING = YES;
				CLANG_WARN_BOOL_CONVERSION = YES;
				CLANG_WARN_COMMA = YES;
				CLANG_WARN_CONSTANT_CONVERSION = YES;
				CLANG_WARN_DEPRECATED_OBJC_IMPLEMENTATIONS = YES;
				CLANG_WARN_DIRECT_OBJC_ISA_USAGE = YES_ERROR;
				CLANG_WARN_DOCUMENTATION_COMMENTS = YES;
				CLANG_WARN_EMPTY_BODY = YES;
				CLANG_WARN_ENUM_CONVERSION = YES;
				CLANG_WARN_INFINITE_RECURSION = YES;
				CLANG_WARN_INT_CONVERSION = YES;
				CLANG_WARN_NON_LITERAL_NULL_CONVERSION = YES;
				CLANG_WARN_OBJC_IMPLICIT_RETAIN_SELF = YES;
				CLANG_WARN_OBJC_LITERAL_CONVERSION = YES;
				CLANG_WARN_OBJC_ROOT_CLASS = YES_ERROR;
				CLANG_WARN_QUOTED_INCLUDE_IN_FRAMEWORK_HEADER = YES;
				CLANG_WARN_RANGE_LOOP_ANALYSIS = YES;
				CLANG_WARN_STRICT_PROTOTYPES = YES;
				CLANG_WARN_SUSPICIOUS_MOVE = YES;
				CLANG_WARN_UNGUARDED_AVAILABILITY = YES_AGGRESSIVE;
				CLANG_WARN_UNREACHABLE_CODE = YES;
				CLANG_WARN__DUPLICATE_METHOD_MATCH = YES;
				COPY_PHASE_STRIP = NO;
				DEBUG_INFORMATION_FORMAT = dwarf;
				ENABLE_STRICT_OBJC_MSGSEND = YES;
				ENABLE_TESTABILITY = YES;
				GCC_C_LANGUAGE_STANDARD = gnu11;
				GCC_DYNAMIC_NO_PIC = NO;
				GCC_NO_COMMON_BLOCKS = YES;
				GCC_OPTIMIZATION_LEVEL = 0;
				GCC_PREPROCESSOR_DEFINITIONS = (
					"DEBUG=1",
					"$(inherited)",
				);
				GCC_WARN_64_TO_32_BIT_CONVERSION = YES;
				GCC_WARN_ABOUT_RETURN_TYPE = YES_ERROR;
				GCC_WARN_UNDECLARED_SELECTOR = YES;
				GCC_WARN_UNINITIALIZED_AUTOS = YES_AGGRESSIVE;
				GCC_WARN_UNUSED_FUNCTION = YES;
				GCC_WARN_UNUSED_VARIABLE = YES;
				IPHONEOS_DEPLOYMENT_TARGET = 16.4;
				MTL_ENABLE_DEBUG_INFO = INCLUDE_SOURCE;
				MTL_FAST_MATH = YES;
				ONLY_ACTIVE_ARCH = YES;
				SDKROOT = iphoneos;
				SWIFT_ACTIVE_COMPILATION_CONDITIONS = DEBUG;
				SWIFT_OPTIMIZATION_LEVEL = "-Onone";
			};
			name = Debug;
		};
		17BDC9072A278C6800B1FAC8 /* Release */ = {
			isa = XCBuildConfiguration;
			buildSettings = {
				ALWAYS_SEARCH_USER_PATHS = NO;
				CLANG_ANALYZER_NONNULL = YES;
				CLANG_ANALYZER_NUMBER_OBJECT_CONVERSION = YES_AGGRESSIVE;
				CLANG_CXX_LANGUAGE_STANDARD = "gnu++20";
				CLANG_ENABLE_MODULES = YES;
				CLANG_ENABLE_OBJC_ARC = YES;
				CLANG_ENABLE_OBJC_WEAK = YES;
				CLANG_WARN_BLOCK_CAPTURE_AUTORELEASING = YES;
				CLANG_WARN_BOOL_CONVERSION = YES;
				CLANG_WARN_COMMA = YES;
				CLANG_WARN_CONSTANT_CONVERSION = YES;
				CLANG_WARN_DEPRECATED_OBJC_IMPLEMENTATIONS = YES;
				CLANG_WARN_DIRECT_OBJC_ISA_USAGE = YES_ERROR;
				CLANG_WARN_DOCUMENTATION_COMMENTS = YES;
				CLANG_WARN_EMPTY_BODY = YES;
				CLANG_WARN_ENUM_CONVERSION = YES;
				CLANG_WARN_INFINITE_RECURSION = YES;
				CLANG_WARN_INT_CONVERSION = YES;
				CLANG_WARN_NON_LITERAL_NULL_CONVERSION = YES;
				CLANG_WARN_OBJC_IMPLICIT_RETAIN_SELF = YES;
				CLANG_WARN_OBJC_LITERAL_CONVERSION = YES;
				CLANG_WARN_OBJC_ROOT_CLASS = YES_ERROR;
				CLANG_WARN_QUOTED_INCLUDE_IN_FRAMEWORK_HEADER = YES;
				CLANG_WARN_RANGE_LOOP_ANALYSIS = YES;
				CLANG_WARN_STRICT_PROTOTYPES = YES;
				CLANG_WARN_SUSPICIOUS_MOVE = YES;
				CLANG_WARN_UNGUARDED_AVAILABILITY = YES_AGGRESSIVE;
				CLANG_WARN_UNREACHABLE_CODE = YES;
				CLANG_WARN__DUPLICATE_METHOD_MATCH = YES;
				COPY_PHASE_STRIP = NO;
				DEBUG_INFORMATION_FORMAT = "dwarf-with-dsym";
				ENABLE_NS_ASSERTIONS = NO;
				ENABLE_STRICT_OBJC_MSGSEND = YES;
				GCC_C_LANGUAGE_STANDARD = gnu11;
				GCC_NO_COMMON_BLOCKS = YES;
				GCC_WARN_64_TO_32_BIT_CONVERSION = YES;
				GCC_WARN_ABOUT_RETURN_TYPE = YES_ERROR;
				GCC_WARN_UNDECLARED_SELECTOR = YES;
				GCC_WARN_UNINITIALIZED_AUTOS = YES_AGGRESSIVE;
				GCC_WARN_UNUSED_FUNCTION = YES;
				GCC_WARN_UNUSED_VARIABLE = YES;
				IPHONEOS_DEPLOYMENT_TARGET = 16.4;
				MTL_ENABLE_DEBUG_INFO = NO;
				MTL_FAST_MATH = YES;
				SDKROOT = iphoneos;
				SWIFT_COMPILATION_MODE = wholemodule;
				SWIFT_OPTIMIZATION_LEVEL = "-O";
				VALIDATE_PRODUCT = YES;
			};
			name = Release;
		};
		17BDC9092A278C6800B1FAC8 /* Debug */ = {
			isa = XCBuildConfiguration;
			buildSettings = {
				ASSETCATALOG_COMPILER_APPICON_NAME = AppIcon;
				ASSETCATALOG_COMPILER_GLOBAL_ACCENT_COLOR_NAME = AccentColor;
				CODE_SIGN_STYLE = Automatic;
				CURRENT_PROJECT_VERSION = 1;
				DEVELOPMENT_TEAM = 7N5WC939T7;
				GENERATE_INFOPLIST_FILE = YES;
				INFOPLIST_FILE = PhotoGrammy/Info.plist;
				INFOPLIST_KEY_UIApplicationSupportsIndirectInputEvents = YES;
				INFOPLIST_KEY_UILaunchStoryboardName = LaunchScreen;
				INFOPLIST_KEY_UIMainStoryboardFile = Main;
				INFOPLIST_KEY_UISupportedInterfaceOrientations = UIInterfaceOrientationPortrait;
				IPHONEOS_DEPLOYMENT_TARGET = 13.0;
				LD_RUNPATH_SEARCH_PATHS = (
					"$(inherited)",
					"@executable_path/Frameworks",
				);
				MARKETING_VERSION = 1.0;
				PRODUCT_BUNDLE_IDENTIFIER = com.aleksizverev.PhotoGrammy;
				PRODUCT_NAME = "$(TARGET_NAME)";
				SUPPORTED_PLATFORMS = "iphoneos iphonesimulator";
				SUPPORTS_MACCATALYST = NO;
				SUPPORTS_MAC_DESIGNED_FOR_IPHONE_IPAD = YES;
				SWIFT_EMIT_LOC_STRINGS = YES;
				SWIFT_VERSION = 5.0;
				TARGETED_DEVICE_FAMILY = 1;
			};
			name = Debug;
		};
		17BDC90A2A278C6800B1FAC8 /* Release */ = {
			isa = XCBuildConfiguration;
			buildSettings = {
				ASSETCATALOG_COMPILER_APPICON_NAME = AppIcon;
				ASSETCATALOG_COMPILER_GLOBAL_ACCENT_COLOR_NAME = AccentColor;
				CODE_SIGN_STYLE = Automatic;
				CURRENT_PROJECT_VERSION = 1;
				DEVELOPMENT_TEAM = 7N5WC939T7;
				GENERATE_INFOPLIST_FILE = YES;
				INFOPLIST_FILE = PhotoGrammy/Info.plist;
				INFOPLIST_KEY_UIApplicationSupportsIndirectInputEvents = YES;
				INFOPLIST_KEY_UILaunchStoryboardName = LaunchScreen;
				INFOPLIST_KEY_UIMainStoryboardFile = Main;
				INFOPLIST_KEY_UISupportedInterfaceOrientations = UIInterfaceOrientationPortrait;
				IPHONEOS_DEPLOYMENT_TARGET = 13.0;
				LD_RUNPATH_SEARCH_PATHS = (
					"$(inherited)",
					"@executable_path/Frameworks",
				);
				MARKETING_VERSION = 1.0;
				PRODUCT_BUNDLE_IDENTIFIER = com.aleksizverev.PhotoGrammy;
				PRODUCT_NAME = "$(TARGET_NAME)";
				SUPPORTED_PLATFORMS = "iphoneos iphonesimulator";
				SUPPORTS_MACCATALYST = NO;
				SUPPORTS_MAC_DESIGNED_FOR_IPHONE_IPAD = YES;
				SWIFT_EMIT_LOC_STRINGS = YES;
				SWIFT_VERSION = 5.0;
				TARGETED_DEVICE_FAMILY = 1;
			};
			name = Release;
		};
/* End XCBuildConfiguration section */

/* Begin XCConfigurationList section */
		17BDC8EF2A278C6600B1FAC8 /* Build configuration list for PBXProject "PhotoGrammy" */ = {
			isa = XCConfigurationList;
			buildConfigurations = (
				17BDC9062A278C6800B1FAC8 /* Debug */,
				17BDC9072A278C6800B1FAC8 /* Release */,
			);
			defaultConfigurationIsVisible = 0;
			defaultConfigurationName = Release;
		};
		17BDC9082A278C6800B1FAC8 /* Build configuration list for PBXNativeTarget "PhotoGrammy" */ = {
			isa = XCConfigurationList;
			buildConfigurations = (
				17BDC9092A278C6800B1FAC8 /* Debug */,
				17BDC90A2A278C6800B1FAC8 /* Release */,
			);
			defaultConfigurationIsVisible = 0;
			defaultConfigurationName = Release;
		};
/* End XCConfigurationList section */

/* Begin XCRemoteSwiftPackageReference section */
		17A1D82F2A7146AC007164A5 /* XCRemoteSwiftPackageReference "Kingfisher" */ = {
			isa = XCRemoteSwiftPackageReference;
			repositoryURL = "https://github.com/onevcat/Kingfisher.git";
			requirement = {
				kind = upToNextMajorVersion;
				minimumVersion = 7.0.0;
			};
		};
		17E251032A66B440006736B1 /* XCRemoteSwiftPackageReference "ProgressHUD" */ = {
			isa = XCRemoteSwiftPackageReference;
			repositoryURL = "https://github.com/relatedcode/ProgressHUD";
			requirement = {
				kind = exactVersion;
				version = 13.6.1;
			};
		};
/* End XCRemoteSwiftPackageReference section */

/* Begin XCSwiftPackageProductDependency section */
		17A1D8302A7146AC007164A5 /* Kingfisher */ = {
			isa = XCSwiftPackageProductDependency;
			package = 17A1D82F2A7146AC007164A5 /* XCRemoteSwiftPackageReference "Kingfisher" */;
			productName = Kingfisher;
		};
		17E251042A66B440006736B1 /* ProgressHUD */ = {
			isa = XCSwiftPackageProductDependency;
			package = 17E251032A66B440006736B1 /* XCRemoteSwiftPackageReference "ProgressHUD" */;
			productName = ProgressHUD;
		};
/* End XCSwiftPackageProductDependency section */
	};
	rootObject = 17BDC8EC2A278C6600B1FAC8 /* Project object */;
}
